
Microsoft Visual Studio Solution File, Format Version 11.00
# Visual Studio 2010
Project("{FAE04EC0-301F-11D3-BF4B-00C04F79EFBC}") = "Obscured.Holdr.Web", "Obscured.Holdr.Web\Obscured.Holdr.Web.csproj", "{56049770-E539-4FDE-B8B6-8DFDD98C44AD}"
EndProject
Project("{FAE04EC0-301F-11D3-BF4B-00C04F79EFBC}") = "Obscured.Holdr.Web.Tests", "Obscured.Holdr.Web.Tests\Obscured.Holdr.Web.Tests.csproj", "{A970D164-92D6-44B4-8F69-C3850F8C61B0}"
EndProject
Project("{FAE04EC0-301F-11D3-BF4B-00C04F79EFBC}") = "Obscured.Holdr", "Obscured.Holdr\Obscured.Holdr.csproj", "{1D95B155-D341-4000-AF3A-B8C79716F044}"
EndProject
Global
	GlobalSection(SolutionConfigurationPlatforms) = preSolution
		Debug|Any CPU = Debug|Any CPU
		Release|Any CPU = Release|Any CPU
	EndGlobalSection
	GlobalSection(ProjectConfigurationPlatforms) = postSolution
		{56049770-E539-4FDE-B8B6-8DFDD98C44AD}.Debug|Any CPU.ActiveCfg = Debug|Any CPU
		{56049770-E539-4FDE-B8B6-8DFDD98C44AD}.Debug|Any CPU.Build.0 = Debug|Any CPU
		{56049770-E539-4FDE-B8B6-8DFDD98C44AD}.Release|Any CPU.ActiveCfg = Release|Any CPU
		{56049770-E539-4FDE-B8B6-8DFDD98C44AD}.Release|Any CPU.Build.0 = Release|Any CPU
		{A970D164-92D6-44B4-8F69-C3850F8C61B0}.Debug|Any CPU.ActiveCfg = Debug|Any CPU
		{A970D164-92D6-44B4-8F69-C3850F8C61B0}.Debug|Any CPU.Build.0 = Debug|Any CPU
		{A970D164-92D6-44B4-8F69-C3850F8C61B0}.Release|Any CPU.ActiveCfg = Release|Any CPU
		{A970D164-92D6-44B4-8F69-C3850F8C61B0}.Release|Any CPU.Build.0 = Release|Any CPU
		{1D95B155-D341-4000-AF3A-B8C79716F044}.Debug|Any CPU.ActiveCfg = Debug|Any CPU
		{1D95B155-D341-4000-AF3A-B8C79716F044}.Debug|Any CPU.Build.0 = Debug|Any CPU
		{1D95B155-D341-4000-AF3A-B8C79716F044}.Release|Any CPU.ActiveCfg = Release|Any CPU
		{1D95B155-D341-4000-AF3A-B8C79716F044}.Release|Any CPU.Build.0 = Release|Any CPU
	EndGlobalSection
	GlobalSection(SolutionProperties) = preSolution
		HideSolutionNode = FALSE
	EndGlobalSection
	GlobalSection(ExtensibilityGlobals) = postSolution
		VisualSVNWorkingCopyRoot = .
	EndGlobalSection
EndGlobal
